
Microsoft Visual Studio Solution File, Format Version 12.00
# Visual Studio 15
VisualStudioVersion = 15.0.28307.421
MinimumVisualStudioVersion = 10.0.40219.1
Project("{FAE04EC0-301F-11D3-BF4B-00C04F79EFBC}") = "HW4", "HW4\HW4.csproj", "{AA80106E-AAF2-42A6-8760-454BEDCAABB5}"
EndProject
Global
	GlobalSection(SolutionConfigurationPlatforms) = preSolution
		Debug|Any CPU = Debug|Any CPU
		Release|Any CPU = Release|Any CPU
	EndGlobalSection
	GlobalSection(ProjectConfigurationPlatforms) = postSolution
		{AA80106E-AAF2-42A6-8760-454BEDCAABB5}.Debug|Any CPU.ActiveCfg = Debug|Any CPU
		{AA80106E-AAF2-42A6-8760-454BEDCAABB5}.Debug|Any CPU.Build.0 = Debug|Any CPU
		{AA80106E-AAF2-42A6-8760-454BEDCAABB5}.Release|Any CPU.ActiveCfg = Release|Any CPU
		{AA80106E-AAF2-42A6-8760-454BEDCAABB5}.Release|Any CPU.Build.0 = Release|Any CPU
	EndGlobalSection
	GlobalSection(SolutionProperties) = preSolution
		HideSolutionNode = FALSE
	EndGlobalSection
	GlobalSection(ExtensibilityGlobals) = postSolution
		SolutionGuid = {AC445AFF-04A2-48D1-9A07-0FDCEB623008}
	EndGlobalSection
EndGlobal
